
Microsoft Visual Studio Solution File, Format Version 12.00
# Visual Studio Version 17
VisualStudioVersion = 17.3.32721.290
MinimumVisualStudioVersion = 10.0.40219.1
Project("{FAE04EC0-301F-11D3-BF4B-00C04F79EFBC}") = "AdventOfCode2022", "AdventOfCode2022\AdventOfCode2022.csproj", "{50F900F7-2494-4C7F-8D3E-D7510F42E820}"
EndProject
Global
	GlobalSection(SolutionConfigurationPlatforms) = preSolution
		Debug|Any CPU = Debug|Any CPU
		Release|Any CPU = Release|Any CPU
	EndGlobalSection
	GlobalSection(ProjectConfigurationPlatforms) = postSolution
		{50F900F7-2494-4C7F-8D3E-D7510F42E820}.Debug|Any CPU.ActiveCfg = Debug|Any CPU
		{50F900F7-2494-4C7F-8D3E-D7510F42E820}.Debug|Any CPU.Build.0 = Debug|Any CPU
		{50F900F7-2494-4C7F-8D3E-D7510F42E820}.Release|Any CPU.ActiveCfg = Release|Any CPU
		{50F900F7-2494-4C7F-8D3E-D7510F42E820}.Release|Any CPU.Build.0 = Release|Any CPU
	EndGlobalSection
	GlobalSection(SolutionProperties) = preSolution
		HideSolutionNode = FALSE
	EndGlobalSection
	GlobalSection(ExtensibilityGlobals) = postSolution
		SolutionGuid = {68F4EB81-CF4E-4977-A75F-4C705F103004}
	EndGlobalSection
EndGlobal
